
Microsoft Visual Studio Solution File, Format Version 12.00
# Visual Studio Version 17
VisualStudioVersion = 17.3.32922.545
MinimumVisualStudioVersion = 10.0.40219.1
Project("{9A19103F-16F7-4668-BE54-9A1E7A4F7556}") = "DotNetWebApi.Lambda", "DotNetWebApi.Lambda\DotNetWebApi.Lambda.csproj", "{4FFD3034-539A-4463-9590-925700092393}"
EndProject
Project("{9A19103F-16F7-4668-BE54-9A1E7A4F7556}") = "CloudWatchLoggingWithSerilog.Lambda", "CloudWatchLoggingWithSerilog.Lambda\CloudWatchLoggingWithSerilog.Lambda.csproj", "{B9FD4EB8-E6A8-40C9-A8FD-C0C79838B4AE}"
EndProject
Project("{2150E333-8FDC-42A3-9474-1A3956D46DE8}") = "InteractionWithDynamoDb", "InteractionWithDynamoDb", "{E0E3D5D5-A8C5-4D24-A2F3-7322DE87B484}"
EndProject
Project("{2150E333-8FDC-42A3-9474-1A3956D46DE8}") = "CloudWatchLoggingWithSerilog", "CloudWatchLoggingWithSerilog", "{21BDFC22-8CD6-46AA-AF6E-2C830F5C9713}"
EndProject
Project("{2150E333-8FDC-42A3-9474-1A3956D46DE8}") = "DotNetWebApi", "DotNetWebApi", "{4266120A-7196-4234-8476-A37B0B5D83BA}"
EndProject
Project("{9A19103F-16F7-4668-BE54-9A1E7A4F7556}") = "InteractionWithDynamoDb.Lambda", "InteractionWithDynamoDb.Lambda\InteractionWithDynamoDb.Lambda.csproj", "{BED11A3F-F68A-40CD-99D0-9AE041B1A0DB}"
EndProject
Project("{2150E333-8FDC-42A3-9474-1A3956D46DE8}") = "Utilities", "Utilities", "{3B191CB0-2514-40F3-B0D5-3652707C0108}"
EndProject
Project("{9A19103F-16F7-4668-BE54-9A1E7A4F7556}") = "AwsServerless.Environment", "AwsServerless.Environment\AwsServerless.Environment.csproj", "{7BD288B5-F628-452F-82AE-C570ACA552C0}"
EndProject
Project("{9A19103F-16F7-4668-BE54-9A1E7A4F7556}") = "AwsServerless.DynamoDB", "AwsServerless.DynamoDB\AwsServerless.DynamoDB.csproj", "{1ACE02BA-503E-41E0-ACD1-C304AB466A20}"
EndProject
Project("{9A19103F-16F7-4668-BE54-9A1E7A4F7556}") = "AwsServerless.CloudWatch.Serilog", "AwsServerless.CloudWatch.Serilog\AwsServerless.CloudWatch.Serilog.csproj", "{B05F8ADD-0FE3-4ACB-9FB7-E92E71597E8F}"
EndProject
Project("{9A19103F-16F7-4668-BE54-9A1E7A4F7556}") = "FunctionUrlWithMultipartFormData.Lambda", "FunctionUrlWithMultipartFormData.Lambda\FunctionUrlWithMultipartFormData.Lambda.csproj", "{4B310053-7232-40E1-A6B0-73A8EF6C50DD}"
EndProject
Project("{2150E333-8FDC-42A3-9474-1A3956D46DE8}") = "FunctionUrlWithMultipartFormData", "FunctionUrlWithMultipartFormData", "{8BE26067-E717-4F95-B6D4-E5E2CD146B3D}"
EndProject
Project("{2150E333-8FDC-42A3-9474-1A3956D46DE8}") = "LambdaExtensions", "LambdaExtensions", "{2D11E085-0BD0-4F2C-AE85-957B5D52AE32}"
EndProject
Project("{9A19103F-16F7-4668-BE54-9A1E7A4F7556}") = "SecretsManagerExtension", "SecretsManagerExtension\SecretsManagerExtension.csproj", "{584C1733-F52C-4D0F-9DF5-BC1D29C7CAD0}"
EndProject
Project("{9A19103F-16F7-4668-BE54-9A1E7A4F7556}") = "SystemsManagerExtension", "SystemsManagerExtension\SystemsManagerExtension.csproj", "{1EB01D38-32DB-42A1-AB54-67D3A6401364}"
EndProject
Global
	GlobalSection(SolutionConfigurationPlatforms) = preSolution
		Debug|Any CPU = Debug|Any CPU
		Release|Any CPU = Release|Any CPU
	EndGlobalSection
	GlobalSection(ProjectConfigurationPlatforms) = postSolution
		{4FFD3034-539A-4463-9590-925700092393}.Debug|Any CPU.ActiveCfg = Debug|Any CPU
		{4FFD3034-539A-4463-9590-925700092393}.Debug|Any CPU.Build.0 = Debug|Any CPU
		{4FFD3034-539A-4463-9590-925700092393}.Release|Any CPU.ActiveCfg = Release|Any CPU
		{4FFD3034-539A-4463-9590-925700092393}.Release|Any CPU.Build.0 = Release|Any CPU
		{B9FD4EB8-E6A8-40C9-A8FD-C0C79838B4AE}.Debug|Any CPU.ActiveCfg = Debug|Any CPU
		{B9FD4EB8-E6A8-40C9-A8FD-C0C79838B4AE}.Debug|Any CPU.Build.0 = Debug|Any CPU
		{B9FD4EB8-E6A8-40C9-A8FD-C0C79838B4AE}.Release|Any CPU.ActiveCfg = Release|Any CPU
		{B9FD4EB8-E6A8-40C9-A8FD-C0C79838B4AE}.Release|Any CPU.Build.0 = Release|Any CPU
		{BED11A3F-F68A-40CD-99D0-9AE041B1A0DB}.Debug|Any CPU.ActiveCfg = Debug|Any CPU
		{BED11A3F-F68A-40CD-99D0-9AE041B1A0DB}.Debug|Any CPU.Build.0 = Debug|Any CPU
		{BED11A3F-F68A-40CD-99D0-9AE041B1A0DB}.Release|Any CPU.ActiveCfg = Release|Any CPU
		{BED11A3F-F68A-40CD-99D0-9AE041B1A0DB}.Release|Any CPU.Build.0 = Release|Any CPU
		{7BD288B5-F628-452F-82AE-C570ACA552C0}.Debug|Any CPU.ActiveCfg = Debug|Any CPU
		{7BD288B5-F628-452F-82AE-C570ACA552C0}.Debug|Any CPU.Build.0 = Debug|Any CPU
		{7BD288B5-F628-452F-82AE-C570ACA552C0}.Release|Any CPU.ActiveCfg = Release|Any CPU
		{7BD288B5-F628-452F-82AE-C570ACA552C0}.Release|Any CPU.Build.0 = Release|Any CPU
		{1ACE02BA-503E-41E0-ACD1-C304AB466A20}.Debug|Any CPU.ActiveCfg = Debug|Any CPU
		{1ACE02BA-503E-41E0-ACD1-C304AB466A20}.Debug|Any CPU.Build.0 = Debug|Any CPU
		{1ACE02BA-503E-41E0-ACD1-C304AB466A20}.Release|Any CPU.ActiveCfg = Release|Any CPU
		{1ACE02BA-503E-41E0-ACD1-C304AB466A20}.Release|Any CPU.Build.0 = Release|Any CPU
		{B05F8ADD-0FE3-4ACB-9FB7-E92E71597E8F}.Debug|Any CPU.ActiveCfg = Debug|Any CPU
		{B05F8ADD-0FE3-4ACB-9FB7-E92E71597E8F}.Debug|Any CPU.Build.0 = Debug|Any CPU
		{B05F8ADD-0FE3-4ACB-9FB7-E92E71597E8F}.Release|Any CPU.ActiveCfg = Release|Any CPU
		{B05F8ADD-0FE3-4ACB-9FB7-E92E71597E8F}.Release|Any CPU.Build.0 = Release|Any CPU
		{4B310053-7232-40E1-A6B0-73A8EF6C50DD}.Debug|Any CPU.ActiveCfg = Debug|Any CPU
		{4B310053-7232-40E1-A6B0-73A8EF6C50DD}.Debug|Any CPU.Build.0 = Debug|Any CPU
		{4B310053-7232-40E1-A6B0-73A8EF6C50DD}.Release|Any CPU.ActiveCfg = Release|Any CPU
		{4B310053-7232-40E1-A6B0-73A8EF6C50DD}.Release|Any CPU.Build.0 = Release|Any CPU
		{584C1733-F52C-4D0F-9DF5-BC1D29C7CAD0}.Debug|Any CPU.ActiveCfg = Debug|Any CPU
		{584C1733-F52C-4D0F-9DF5-BC1D29C7CAD0}.Debug|Any CPU.Build.0 = Debug|Any CPU
		{584C1733-F52C-4D0F-9DF5-BC1D29C7CAD0}.Release|Any CPU.ActiveCfg = Release|Any CPU
		{584C1733-F52C-4D0F-9DF5-BC1D29C7CAD0}.Release|Any CPU.Build.0 = Release|Any CPU
		{1EB01D38-32DB-42A1-AB54-67D3A6401364}.Debug|Any CPU.ActiveCfg = Debug|Any CPU
		{1EB01D38-32DB-42A1-AB54-67D3A6401364}.Debug|Any CPU.Build.0 = Debug|Any CPU
		{1EB01D38-32DB-42A1-AB54-67D3A6401364}.Release|Any CPU.ActiveCfg = Release|Any CPU
		{1EB01D38-32DB-42A1-AB54-67D3A6401364}.Release|Any CPU.Build.0 = Release|Any CPU
	EndGlobalSection
	GlobalSection(SolutionProperties) = preSolution
		HideSolutionNode = FALSE
	EndGlobalSection
	GlobalSection(NestedProjects) = preSolution
		{4FFD3034-539A-4463-9590-925700092393} = {4266120A-7196-4234-8476-A37B0B5D83BA}
		{B9FD4EB8-E6A8-40C9-A8FD-C0C79838B4AE} = {21BDFC22-8CD6-46AA-AF6E-2C830F5C9713}
		{BED11A3F-F68A-40CD-99D0-9AE041B1A0DB} = {E0E3D5D5-A8C5-4D24-A2F3-7322DE87B484}
		{7BD288B5-F628-452F-82AE-C570ACA552C0} = {3B191CB0-2514-40F3-B0D5-3652707C0108}
		{1ACE02BA-503E-41E0-ACD1-C304AB466A20} = {3B191CB0-2514-40F3-B0D5-3652707C0108}
		{B05F8ADD-0FE3-4ACB-9FB7-E92E71597E8F} = {3B191CB0-2514-40F3-B0D5-3652707C0108}
		{4B310053-7232-40E1-A6B0-73A8EF6C50DD} = {8BE26067-E717-4F95-B6D4-E5E2CD146B3D}
		{584C1733-F52C-4D0F-9DF5-BC1D29C7CAD0} = {2D11E085-0BD0-4F2C-AE85-957B5D52AE32}
		{1EB01D38-32DB-42A1-AB54-67D3A6401364} = {2D11E085-0BD0-4F2C-AE85-957B5D52AE32}
	EndGlobalSection
	GlobalSection(ExtensibilityGlobals) = postSolution
		SolutionGuid = {5154C2D8-234A-4B7C-A944-DCA9751269D6}
	EndGlobalSection
EndGlobal
